
Microsoft Visual Studio Solution File, Format Version 12.00
# Visual Studio Version 17
VisualStudioVersion = 17.1.32421.90
MinimumVisualStudioVersion = 10.0.40219.1
Project("{9A19103F-16F7-4668-BE54-9A1E7A4F7556}") = "Amics.web", "Amics.web\Amics.web.csproj", "{018DB60A-778A-4FDD-BC72-1D1B664E916F}"
EndProject
Project("{9A19103F-16F7-4668-BE54-9A1E7A4F7556}") = "Amics.Lookup", "Lookup.Dapper\Amics.Lookup.csproj", "{FA006BC5-7F67-4745-B3FC-FF557A118C03}"
EndProject
Project("{9A19103F-16F7-4668-BE54-9A1E7A4F7556}") = "Aims.Core", "Aims.PartMaster\Aims.Core.csproj", "{ACB12874-D73D-4392-822A-91F884BC4B69}"
EndProject
Global
	GlobalSection(SolutionConfigurationPlatforms) = preSolution
		Debug|Any CPU = Debug|Any CPU
		Release|Any CPU = Release|Any CPU
	EndGlobalSection
	GlobalSection(ProjectConfigurationPlatforms) = postSolution
		{018DB60A-778A-4FDD-BC72-1D1B664E916F}.Debug|Any CPU.ActiveCfg = Debug|Any CPU
		{018DB60A-778A-4FDD-BC72-1D1B664E916F}.Debug|Any CPU.Build.0 = Debug|Any CPU
		{018DB60A-778A-4FDD-BC72-1D1B664E916F}.Release|Any CPU.ActiveCfg = Release|Any CPU
		{018DB60A-778A-4FDD-BC72-1D1B664E916F}.Release|Any CPU.Build.0 = Release|Any CPU
		{FA006BC5-7F67-4745-B3FC-FF557A118C03}.Debug|Any CPU.ActiveCfg = Debug|Any CPU
		{FA006BC5-7F67-4745-B3FC-FF557A118C03}.Debug|Any CPU.Build.0 = Debug|Any CPU
		{FA006BC5-7F67-4745-B3FC-FF557A118C03}.Release|Any CPU.ActiveCfg = Release|Any CPU
		{FA006BC5-7F67-4745-B3FC-FF557A118C03}.Release|Any CPU.Build.0 = Release|Any CPU
		{ACB12874-D73D-4392-822A-91F884BC4B69}.Debug|Any CPU.ActiveCfg = Debug|Any CPU
		{ACB12874-D73D-4392-822A-91F884BC4B69}.Debug|Any CPU.Build.0 = Debug|Any CPU
		{ACB12874-D73D-4392-822A-91F884BC4B69}.Release|Any CPU.ActiveCfg = Release|Any CPU
		{ACB12874-D73D-4392-822A-91F884BC4B69}.Release|Any CPU.Build.0 = Release|Any CPU
	EndGlobalSection
	GlobalSection(SolutionProperties) = preSolution
		HideSolutionNode = FALSE
	EndGlobalSection
	GlobalSection(ExtensibilityGlobals) = postSolution
		SolutionGuid = {6A0A14D8-AEFA-4F47-A4A0-4CEF355C0AF0}
	EndGlobalSection
EndGlobal
